
Microsoft Visual Studio Solution File, Format Version 12.00
# Visual Studio Version 16
VisualStudioVersion = 16.0.30621.155
MinimumVisualStudioVersion = 10.0.40219.1
Project("{2150E333-8FDC-42A3-9474-1A3956D46DE8}") = "00 - Console applications", "00 - Console applications", "{D04A04CD-B46C-476C-B27D-B346457BD903}"
EndProject
Project("{2150E333-8FDC-42A3-9474-1A3956D46DE8}") = "01 - First steps", "01 - First steps", "{D0335841-B523-4C2F-A123-DC4EE45DB668}"
EndProject
Project("{2150E333-8FDC-42A3-9474-1A3956D46DE8}") = "02 - Input validation", "02 - Input validation", "{79F8F733-58BC-4D77-BD2D-AC3368160523}"
EndProject
Project("{2150E333-8FDC-42A3-9474-1A3956D46DE8}") = "03 - Graphical objects", "03 - Graphical objects", "{819EEFE9-99B4-412F-BD1B-D2595B6E6DFA}"
EndProject
Project("{2150E333-8FDC-42A3-9474-1A3956D46DE8}") = "04 - Tout embal", "04 - Tout embal", "{FFA73FED-9B28-4EB6-A180-1BB48CB359FD}"
EndProject
Project("{2150E333-8FDC-42A3-9474-1A3956D46DE8}") = "00 - Butterfly", "00 - Butterfly", "{E37B387B-88B1-415E-8E9A-7D4212E43203}"
EndProject
Project("{2150E333-8FDC-42A3-9474-1A3956D46DE8}") = "01 - Zoo", "01 - Zoo", "{34078E58-EEF4-414B-B9F4-C345165342C0}"
EndProject
Project("{2150E333-8FDC-42A3-9474-1A3956D46DE8}") = "02 - Forest", "02 - Forest", "{FBA604CC-3F04-4E7B-9A93-19CBA59112CC}"
EndProject
Project("{2150E333-8FDC-42A3-9474-1A3956D46DE8}") = "03 - Wedding", "03 - Wedding", "{547C9887-F3EE-45C5-9CF9-30DB68A9FF58}"
EndProject
Project("{9A19103F-16F7-4668-BE54-9A1E7A4F7556}") = "ConsoleAppButterfly", "D:\REPO-GIT\CDA-11-CSHARP\00 - Console applications\00 - Butterfly\ConsoleAppButterfly\ConsoleAppButterfly.csproj", "{FB28E9C6-78EA-4ED0-8603-B9BF2F101382}"
EndProject
Project("{9A19103F-16F7-4668-BE54-9A1E7A4F7556}") = "ClassLibraryButterfly", "D:\REPO-GIT\CDA-11-CSHARP\00 - Console applications\00 - Butterfly\ClassLibraryButterfly\ClassLibraryButterfly.csproj", "{FF5A033F-FD21-445A-B1B6-D52FDD85AD0F}"
EndProject
Project("{9A19103F-16F7-4668-BE54-9A1E7A4F7556}") = "ConsoleAppZoo", "00 - Console applications\01 - Zoo\ConsoleAppZoo\ConsoleAppZoo.csproj", "{E8FCFFAF-8D59-49F7-8F7E-40C85311E68D}"
EndProject
Project("{9A19103F-16F7-4668-BE54-9A1E7A4F7556}") = "ClassLibraryAnimal", "00 - Console applications\01 - Zoo\ClassLibraryAnimal\ClassLibraryAnimal.csproj", "{A69AEAB8-1CF6-4955-A9D2-D7D39172C6EF}"
EndProject
Project("{9A19103F-16F7-4668-BE54-9A1E7A4F7556}") = "ClassLibraryEmployee", "00 - Console applications\01 - Zoo\ClassLibraryEmployee\ClassLibraryEmployee.csproj", "{03A203EE-C4F1-495D-9F70-31DD39F7F240}"
EndProject
Project("{9A19103F-16F7-4668-BE54-9A1E7A4F7556}") = "InterfaceLibrary", "00 - Console applications\01 - Zoo\InterfaceLibrary\InterfaceLibrary.csproj", "{93E9D675-F09D-42F4-B1F5-22A8CA854E5C}"
EndProject
Project("{9A19103F-16F7-4668-BE54-9A1E7A4F7556}") = "ClassLibraryScript", "00 - Console applications\01 - Zoo\ClassLibraryScript\ClassLibraryScript.csproj", "{6767D2A4-0447-4516-85D7-361CEE4A7E6C}"
EndProject
Project("{9A19103F-16F7-4668-BE54-9A1E7A4F7556}") = "ClassLibraryTest", "00 - Console applications\01 - Zoo\ClassLibraryTest\ClassLibraryTest.csproj", "{226EF9EB-8818-4F14-9F04-16B972BB3AF0}"
EndProject
Project("{9A19103F-16F7-4668-BE54-9A1E7A4F7556}") = "ConsoleAppForest", "00 - Console applications\02 - Forest\ConsoleAppForest\ConsoleAppForest.csproj", "{7A238B83-A3C6-47BD-B5D7-2EEFCE94539A}"
EndProject
Project("{9A19103F-16F7-4668-BE54-9A1E7A4F7556}") = "ClassLibraryForest", "00 - Console applications\02 - Forest\ClassLibraryForest\ClassLibraryForest.csproj", "{BA01F6BD-B144-4296-8836-D5393153ED70}"
EndProject
Project("{2150E333-8FDC-42A3-9474-1A3956D46DE8}") = "Version-2", "Version-2", "{85FD52F7-963C-419D-8B19-92BF9ADD6F05}"
	ProjectSection(SolutionItems) = preProject
		00 - Console applications\03 - Wedding\Version-2\wedding-v2.png = 00 - Console applications\03 - Wedding\Version-2\wedding-v2.png
		00 - Console applications\03 - Wedding\Version-2\wedding-v2.vpp = 00 - Console applications\03 - Wedding\Version-2\wedding-v2.vpp
	EndProjectSection
EndProject
Project("{2150E333-8FDC-42A3-9474-1A3956D46DE8}") = "Version-1", "Version-1", "{24CF5ED0-D7E6-40DC-9ED6-326445884F53}"
	ProjectSection(SolutionItems) = preProject
		00 - Console applications\03 - Wedding\Version-1\wedding-v1.png = 00 - Console applications\03 - Wedding\Version-1\wedding-v1.png
		00 - Console applications\03 - Wedding\Version-1\wedding-v1.vpp = 00 - Console applications\03 - Wedding\Version-1\wedding-v1.vpp
	EndProjectSection
EndProject
Project("{2150E333-8FDC-42A3-9474-1A3956D46DE8}") = "00 - Calculator", "00 - Calculator", "{788AAB33-28D3-4647-BD5F-65FF01DD7826}"
EndProject
Project("{FAE04EC0-301F-11D3-BF4B-00C04F79EFBC}") = "WinFormAppCalculator", "01 - First steps\00 - Calculator\WinFormAppCalculator\WinFormAppCalculator.csproj", "{1C1E7E4B-C258-42B3-92CA-378CBFA822AE}"
EndProject
Project("{2150E333-8FDC-42A3-9474-1A3956D46DE8}") = "00 - Input validation", "00 - Input validation", "{5659AF44-D868-4BEC-ABAD-783531CB0BD5}"
EndProject
Project("{2150E333-8FDC-42A3-9474-1A3956D46DE8}") = "Version-2", "Version-2", "{A2EA390E-A53C-40C2-8FDA-AD7F50A16192}"
EndProject
Project("{2150E333-8FDC-42A3-9474-1A3956D46DE8}") = "Version-1", "Version-1", "{7FDEE0A5-2630-481D-BFF2-A95387613E3F}"
EndProject
Project("{FAE04EC0-301F-11D3-BF4B-00C04F79EFBC}") = "WinFormAppInputValidation-v1", "02 - Input validation\00 - Input validation\Version-1\WinFormAppInputValidation-v1\WinFormAppInputValidation-v1.csproj", "{27B7A373-5A44-4967-BBC9-BFEEB0870A69}"
EndProject
Project("{FAE04EC0-301F-11D3-BF4B-00C04F79EFBC}") = "ClassLibraryBill", "02 - Input validation\00 - Input validation\ClassLibraryBill\ClassLibraryBill.csproj", "{EC4E85C4-85BB-4B09-B5A5-2D0C3982EB2F}"
EndProject
Project("{FAE04EC0-301F-11D3-BF4B-00C04F79EFBC}") = "ClassLibraryDataCheck", "02 - Input validation\00 - Input validation\ClassLibraryDataCheck\ClassLibraryDataCheck.csproj", "{A838249D-A183-4E9E-AF21-9EFF1E583D32}"
EndProject
Project("{FAE04EC0-301F-11D3-BF4B-00C04F79EFBC}") = "ClassLibraryErrorCheck", "02 - Input validation\00 - Input validation\ClassLibraryErrorCheck\ClassLibraryErrorCheck.csproj", "{1D61E2AC-24DA-407C-81D9-9ADDE1541040}"
EndProject
Project("{FAE04EC0-301F-11D3-BF4B-00C04F79EFBC}") = "WinFormAppInputValidation-v2", "02 - Input validation\00 - Input validation\Version-2\WinFormAppInputValidation-v2\WinFormAppInputValidation-v2.csproj", "{EB5757DC-99D8-40EE-86FB-64E5AB9BA7E6}"
EndProject
Project("{2150E333-8FDC-42A3-9474-1A3956D46DE8}") = "00 - Check box", "00 - Check box", "{74079AF7-95D0-4BE0-9BC0-0114FC361938}"
EndProject
Project("{2150E333-8FDC-42A3-9474-1A3956D46DE8}") = "01 - List box", "01 - List box", "{D1BAAE00-B676-47CC-BFC4-03D147005D88}"
EndProject
Project("{2150E333-8FDC-42A3-9474-1A3956D46DE8}") = "02 - Combo box", "02 - Combo box", "{182FE6C9-1926-413C-8CCE-32A7ACEF1DC8}"
EndProject
Project("{2150E333-8FDC-42A3-9474-1A3956D46DE8}") = "03 - Scrolling", "03 - Scrolling", "{8031FE13-6332-4446-A621-438C9B71525B}"
EndProject
Project("{2150E333-8FDC-42A3-9474-1A3956D46DE8}") = "04 - Loan", "04 - Loan", "{6C5CC9EA-28DD-478B-9232-269BF001F251}"
EndProject
Project("{2150E333-8FDC-42A3-9474-1A3956D46DE8}") = "Version-2", "Version-2", "{42DAF197-DF1A-4417-A8BB-6FE1955C23B6}"
EndProject
Project("{2150E333-8FDC-42A3-9474-1A3956D46DE8}") = "Version-1", "Version-1", "{6D2163EF-DA49-463F-B8CE-0BA3C087A9DD}"
EndProject
Project("{2150E333-8FDC-42A3-9474-1A3956D46DE8}") = "Version-2", "Version-2", "{4E562E60-7712-4C00-888F-8B64BCF18F24}"
EndProject
Project("{2150E333-8FDC-42A3-9474-1A3956D46DE8}") = "Version-1", "Version-1", "{698DEB05-CACF-4338-9BB2-E097E2222C7C}"
EndProject
Project("{FAE04EC0-301F-11D3-BF4B-00C04F79EFBC}") = "WinFormAppCheckBox", "03 - Graphical objects\00 - Check box\WinFormAppCheckBox\WinFormAppCheckBox.csproj", "{89300198-F387-4F40-9AF6-A1BC69418ED2}"
EndProject
Project("{FAE04EC0-301F-11D3-BF4B-00C04F79EFBC}") = "ClassLibraryTextBoxControl", "03 - Graphical objects\00 - Check box\ClassLibraryTextBoxControl\ClassLibraryTextBoxControl.csproj", "{ED1FD7A4-649E-4F26-88F5-56EEDE759E57}"
EndProject
Project("{FAE04EC0-301F-11D3-BF4B-00C04F79EFBC}") = "WinFormAppListBox", "03 - Graphical objects\01 - List box\WinFormAppListBox\WinFormAppListBox.csproj", "{846FD307-D381-4D63-8168-4A5D817BFD75}"
EndProject
Project("{FAE04EC0-301F-11D3-BF4B-00C04F79EFBC}") = "ClassLibraryStudent", "03 - Graphical objects\01 - List box\ClassLibraryStudent\ClassLibraryStudent.csproj", "{18CD72D5-13D9-41E9-AA9C-FD92B8E0501F}"
EndProject
Project("{FAE04EC0-301F-11D3-BF4B-00C04F79EFBC}") = "WinFormAppComboBox", "03 - Graphical objects\02 - Combo box\WinFormAppComboBox\WinFormAppComboBox.csproj", "{1653E821-6E1F-43C0-84CE-776162498A50}"
EndProject
Project("{FAE04EC0-301F-11D3-BF4B-00C04F79EFBC}") = "WinFormAppScrolling-v1", "03 - Graphical objects\03 - Scrolling\Version-1\WinFormAppScrolling-v1\WinFormAppScrolling-v1.csproj", "{EFDC67DF-B274-41B6-B99E-4188AA12FB71}"
EndProject
Project("{FAE04EC0-301F-11D3-BF4B-00C04F79EFBC}") = "WinFormAppScrolling-v2", "03 - Graphical objects\03 - Scrolling\Version-2\WinFormAppScrolling-v2\WinFormAppScrolling-v2.csproj", "{D5E754A4-323F-438B-B978-F7830C5FDBB6}"
EndProject
Project("{FAE04EC0-301F-11D3-BF4B-00C04F79EFBC}") = "WinFormAppLoan-v1", "03 - Graphical objects\04 - Loan\Version-1\WinFormAppLoan-v1\WinFormAppLoan-v1.csproj", "{0462D316-3DBA-444C-BA05-6B8E2F582476}"
EndProject
Project("{FAE04EC0-301F-11D3-BF4B-00C04F79EFBC}") = "ClassLibraryLoan-v1", "03 - Graphical objects\04 - Loan\Version-1\ClassLibraryLoan-v1\ClassLibraryLoan-v1.csproj", "{C08ABE1D-52D2-4A49-95C5-884C5B602542}"
EndProject
Project("{FAE04EC0-301F-11D3-BF4B-00C04F79EFBC}") = "ClassLibraryLoanTool-v1", "03 - Graphical objects\04 - Loan\Version-1\ClassLibraryLoanTool-v1\ClassLibraryLoanTool-v1.csproj", "{0CF8E0E5-FE8E-4689-B220-7E3CC93AC48E}"
EndProject
Project("{2150E333-8FDC-42A3-9474-1A3956D46DE8}") = "Version-1", "Version-1", "{57697CB9-6B17-41B6-BD51-EA2A782BA3FF}"
EndProject
Project("{FAE04EC0-301F-11D3-BF4B-00C04F79EFBC}") = "WinFormAppToutEmbal-v1", "04 - Tout embal\Version-1\WinFormAppToutEmbal-v1\WinFormAppToutEmbal-v1.csproj", "{EFF7F96A-5E90-4A28-A7BD-D3AFFACC00E2}"
EndProject
Project("{2150E333-8FDC-42A3-9474-1A3956D46DE8}") = "05 - Courses exercises", "05 - Courses exercises", "{0B88BD9E-58E1-4E2D-AD08-6D07C1138817}"
EndProject
Project("{2150E333-8FDC-42A3-9474-1A3956D46DE8}") = "04 - MDI", "04 - MDI", "{BC924AC4-4346-4475-BD59-58F06349D2A7}"
EndProject
Project("{2150E333-8FDC-42A3-9474-1A3956D46DE8}") = "00 - Fraction", "00 - Fraction", "{E3FD6186-3F2E-4D11-ABD8-281D3D1C91E5}"
EndProject
Project("{2150E333-8FDC-42A3-9474-1A3956D46DE8}") = "01 - Events", "01 - Events", "{8CC60435-CC4A-447D-80BC-422D160E6815}"
EndProject
Project("{9A19103F-16F7-4668-BE54-9A1E7A4F7556}") = "ConsoleAppFraction", "05 - Courses exercises\00 - Fraction\ConsoleAppFraction\ConsoleAppFraction.csproj", "{37B2CB73-8E90-496C-8C54-32B296E39407}"
EndProject
Project("{9A19103F-16F7-4668-BE54-9A1E7A4F7556}") = "ClassLibraryFraction", "05 - Courses exercises\00 - Fraction\ClassLibraryFraction\ClassLibraryFraction.csproj", "{D9B8166B-28BD-4EE7-8F23-6758228A7D2B}"
EndProject
Project("{9A19103F-16F7-4668-BE54-9A1E7A4F7556}") = "ConsoleAppMajorityEvent", "05 - Courses exercises\01 - Events\ConsoleAppMajorityEvent\ConsoleAppMajorityEvent.csproj", "{32FB5CE9-F091-4C59-BC78-487B5C03416B}"
EndProject
Project("{9A19103F-16F7-4668-BE54-9A1E7A4F7556}") = "ClassLibraryPerson", "05 - Courses exercises\01 - Events\ClassLibraryPerson\ClassLibraryPerson.csproj", "{E7C7EAD1-8297-401A-93A3-CE3BC0E6CC2E}"
EndProject
Project("{FAE04EC0-301F-11D3-BF4B-00C04F79EFBC}") = "WinFormAppMDI", "04 - MDI\WinFormAppMDI\WinFormAppMDI.csproj", "{18938811-1952-4346-886F-44AAD8EBD6BA}"
EndProject
Project("{2150E333-8FDC-42A3-9474-1A3956D46DE8}") = "02 - Temperature", "02 - Temperature", "{66350EE8-082B-407A-9A44-1FC9F9EEE896}"
EndProject
Project("{FAE04EC0-301F-11D3-BF4B-00C04F79EFBC}") = "ConsoleAppDoctor", "05 - Courses exercises\02 - Temperature\ConsoleAppDoctor\ConsoleAppDoctor.csproj", "{B641CEFE-1186-49E8-A1B5-D47979FF29F9}"
EndProject
Project("{FAE04EC0-301F-11D3-BF4B-00C04F79EFBC}") = "ConsoleAppGardener", "05 - Courses exercises\02 - Temperature\ConsoleAppGardener\ConsoleAppGardener.csproj", "{03456FEC-BC74-46F6-BB03-D7D318081B6E}"
EndProject
Project("{FAE04EC0-301F-11D3-BF4B-00C04F79EFBC}") = "ClassLibraryTemperature", "05 - Courses exercises\02 - Temperature\ClassLibraryTemperature\ClassLibraryTemperature.csproj", "{188C256F-E635-430C-8485-02123B5D1BE9}"
EndProject
Global
	GlobalSection(SolutionConfigurationPlatforms) = preSolution
		Debug|Any CPU = Debug|Any CPU
		Release|Any CPU = Release|Any CPU
	EndGlobalSection
	GlobalSection(ProjectConfigurationPlatforms) = postSolution
		{FB28E9C6-78EA-4ED0-8603-B9BF2F101382}.Debug|Any CPU.ActiveCfg = Debug|Any CPU
		{FB28E9C6-78EA-4ED0-8603-B9BF2F101382}.Debug|Any CPU.Build.0 = Debug|Any CPU
		{FB28E9C6-78EA-4ED0-8603-B9BF2F101382}.Release|Any CPU.ActiveCfg = Release|Any CPU
		{FB28E9C6-78EA-4ED0-8603-B9BF2F101382}.Release|Any CPU.Build.0 = Release|Any CPU
		{FF5A033F-FD21-445A-B1B6-D52FDD85AD0F}.Debug|Any CPU.ActiveCfg = Debug|Any CPU
		{FF5A033F-FD21-445A-B1B6-D52FDD85AD0F}.Debug|Any CPU.Build.0 = Debug|Any CPU
		{FF5A033F-FD21-445A-B1B6-D52FDD85AD0F}.Release|Any CPU.ActiveCfg = Release|Any CPU
		{FF5A033F-FD21-445A-B1B6-D52FDD85AD0F}.Release|Any CPU.Build.0 = Release|Any CPU
		{E8FCFFAF-8D59-49F7-8F7E-40C85311E68D}.Debug|Any CPU.ActiveCfg = Debug|Any CPU
		{E8FCFFAF-8D59-49F7-8F7E-40C85311E68D}.Debug|Any CPU.Build.0 = Debug|Any CPU
		{E8FCFFAF-8D59-49F7-8F7E-40C85311E68D}.Release|Any CPU.ActiveCfg = Release|Any CPU
		{E8FCFFAF-8D59-49F7-8F7E-40C85311E68D}.Release|Any CPU.Build.0 = Release|Any CPU
		{A69AEAB8-1CF6-4955-A9D2-D7D39172C6EF}.Debug|Any CPU.ActiveCfg = Debug|Any CPU
		{A69AEAB8-1CF6-4955-A9D2-D7D39172C6EF}.Debug|Any CPU.Build.0 = Debug|Any CPU
		{A69AEAB8-1CF6-4955-A9D2-D7D39172C6EF}.Release|Any CPU.ActiveCfg = Release|Any CPU
		{A69AEAB8-1CF6-4955-A9D2-D7D39172C6EF}.Release|Any CPU.Build.0 = Release|Any CPU
		{03A203EE-C4F1-495D-9F70-31DD39F7F240}.Debug|Any CPU.ActiveCfg = Debug|Any CPU
		{03A203EE-C4F1-495D-9F70-31DD39F7F240}.Debug|Any CPU.Build.0 = Debug|Any CPU
		{03A203EE-C4F1-495D-9F70-31DD39F7F240}.Release|Any CPU.ActiveCfg = Release|Any CPU
		{03A203EE-C4F1-495D-9F70-31DD39F7F240}.Release|Any CPU.Build.0 = Release|Any CPU
		{93E9D675-F09D-42F4-B1F5-22A8CA854E5C}.Debug|Any CPU.ActiveCfg = Debug|Any CPU
		{93E9D675-F09D-42F4-B1F5-22A8CA854E5C}.Debug|Any CPU.Build.0 = Debug|Any CPU
		{93E9D675-F09D-42F4-B1F5-22A8CA854E5C}.Release|Any CPU.ActiveCfg = Release|Any CPU
		{93E9D675-F09D-42F4-B1F5-22A8CA854E5C}.Release|Any CPU.Build.0 = Release|Any CPU
		{6767D2A4-0447-4516-85D7-361CEE4A7E6C}.Debug|Any CPU.ActiveCfg = Debug|Any CPU
		{6767D2A4-0447-4516-85D7-361CEE4A7E6C}.Debug|Any CPU.Build.0 = Debug|Any CPU
		{6767D2A4-0447-4516-85D7-361CEE4A7E6C}.Release|Any CPU.ActiveCfg = Release|Any CPU
		{6767D2A4-0447-4516-85D7-361CEE4A7E6C}.Release|Any CPU.Build.0 = Release|Any CPU
		{226EF9EB-8818-4F14-9F04-16B972BB3AF0}.Debug|Any CPU.ActiveCfg = Debug|Any CPU
		{226EF9EB-8818-4F14-9F04-16B972BB3AF0}.Debug|Any CPU.Build.0 = Debug|Any CPU
		{226EF9EB-8818-4F14-9F04-16B972BB3AF0}.Release|Any CPU.ActiveCfg = Release|Any CPU
		{226EF9EB-8818-4F14-9F04-16B972BB3AF0}.Release|Any CPU.Build.0 = Release|Any CPU
		{7A238B83-A3C6-47BD-B5D7-2EEFCE94539A}.Debug|Any CPU.ActiveCfg = Debug|Any CPU
		{7A238B83-A3C6-47BD-B5D7-2EEFCE94539A}.Debug|Any CPU.Build.0 = Debug|Any CPU
		{7A238B83-A3C6-47BD-B5D7-2EEFCE94539A}.Release|Any CPU.ActiveCfg = Release|Any CPU
		{7A238B83-A3C6-47BD-B5D7-2EEFCE94539A}.Release|Any CPU.Build.0 = Release|Any CPU
		{BA01F6BD-B144-4296-8836-D5393153ED70}.Debug|Any CPU.ActiveCfg = Debug|Any CPU
		{BA01F6BD-B144-4296-8836-D5393153ED70}.Debug|Any CPU.Build.0 = Debug|Any CPU
		{BA01F6BD-B144-4296-8836-D5393153ED70}.Release|Any CPU.ActiveCfg = Release|Any CPU
		{BA01F6BD-B144-4296-8836-D5393153ED70}.Release|Any CPU.Build.0 = Release|Any CPU
		{1C1E7E4B-C258-42B3-92CA-378CBFA822AE}.Debug|Any CPU.ActiveCfg = Debug|Any CPU
		{1C1E7E4B-C258-42B3-92CA-378CBFA822AE}.Debug|Any CPU.Build.0 = Debug|Any CPU
		{1C1E7E4B-C258-42B3-92CA-378CBFA822AE}.Release|Any CPU.ActiveCfg = Release|Any CPU
		{1C1E7E4B-C258-42B3-92CA-378CBFA822AE}.Release|Any CPU.Build.0 = Release|Any CPU
		{27B7A373-5A44-4967-BBC9-BFEEB0870A69}.Debug|Any CPU.ActiveCfg = Debug|Any CPU
		{27B7A373-5A44-4967-BBC9-BFEEB0870A69}.Debug|Any CPU.Build.0 = Debug|Any CPU
		{27B7A373-5A44-4967-BBC9-BFEEB0870A69}.Release|Any CPU.ActiveCfg = Release|Any CPU
		{27B7A373-5A44-4967-BBC9-BFEEB0870A69}.Release|Any CPU.Build.0 = Release|Any CPU
		{EC4E85C4-85BB-4B09-B5A5-2D0C3982EB2F}.Debug|Any CPU.ActiveCfg = Debug|Any CPU
		{EC4E85C4-85BB-4B09-B5A5-2D0C3982EB2F}.Debug|Any CPU.Build.0 = Debug|Any CPU
		{EC4E85C4-85BB-4B09-B5A5-2D0C3982EB2F}.Release|Any CPU.ActiveCfg = Release|Any CPU
		{EC4E85C4-85BB-4B09-B5A5-2D0C3982EB2F}.Release|Any CPU.Build.0 = Release|Any CPU
		{A838249D-A183-4E9E-AF21-9EFF1E583D32}.Debug|Any CPU.ActiveCfg = Debug|Any CPU
		{A838249D-A183-4E9E-AF21-9EFF1E583D32}.Debug|Any CPU.Build.0 = Debug|Any CPU
		{A838249D-A183-4E9E-AF21-9EFF1E583D32}.Release|Any CPU.ActiveCfg = Release|Any CPU
		{A838249D-A183-4E9E-AF21-9EFF1E583D32}.Release|Any CPU.Build.0 = Release|Any CPU
		{1D61E2AC-24DA-407C-81D9-9ADDE1541040}.Debug|Any CPU.ActiveCfg = Debug|Any CPU
		{1D61E2AC-24DA-407C-81D9-9ADDE1541040}.Debug|Any CPU.Build.0 = Debug|Any CPU
		{1D61E2AC-24DA-407C-81D9-9ADDE1541040}.Release|Any CPU.ActiveCfg = Release|Any CPU
		{1D61E2AC-24DA-407C-81D9-9ADDE1541040}.Release|Any CPU.Build.0 = Release|Any CPU
		{EB5757DC-99D8-40EE-86FB-64E5AB9BA7E6}.Debug|Any CPU.ActiveCfg = Debug|Any CPU
		{EB5757DC-99D8-40EE-86FB-64E5AB9BA7E6}.Debug|Any CPU.Build.0 = Debug|Any CPU
		{EB5757DC-99D8-40EE-86FB-64E5AB9BA7E6}.Release|Any CPU.ActiveCfg = Release|Any CPU
		{EB5757DC-99D8-40EE-86FB-64E5AB9BA7E6}.Release|Any CPU.Build.0 = Release|Any CPU
		{89300198-F387-4F40-9AF6-A1BC69418ED2}.Debug|Any CPU.ActiveCfg = Debug|Any CPU
		{89300198-F387-4F40-9AF6-A1BC69418ED2}.Debug|Any CPU.Build.0 = Debug|Any CPU
		{89300198-F387-4F40-9AF6-A1BC69418ED2}.Release|Any CPU.ActiveCfg = Release|Any CPU
		{89300198-F387-4F40-9AF6-A1BC69418ED2}.Release|Any CPU.Build.0 = Release|Any CPU
		{ED1FD7A4-649E-4F26-88F5-56EEDE759E57}.Debug|Any CPU.ActiveCfg = Debug|Any CPU
		{ED1FD7A4-649E-4F26-88F5-56EEDE759E57}.Debug|Any CPU.Build.0 = Debug|Any CPU
		{ED1FD7A4-649E-4F26-88F5-56EEDE759E57}.Release|Any CPU.ActiveCfg = Release|Any CPU
		{ED1FD7A4-649E-4F26-88F5-56EEDE759E57}.Release|Any CPU.Build.0 = Release|Any CPU
		{846FD307-D381-4D63-8168-4A5D817BFD75}.Debug|Any CPU.ActiveCfg = Debug|Any CPU
		{846FD307-D381-4D63-8168-4A5D817BFD75}.Debug|Any CPU.Build.0 = Debug|Any CPU
		{846FD307-D381-4D63-8168-4A5D817BFD75}.Release|Any CPU.ActiveCfg = Release|Any CPU
		{846FD307-D381-4D63-8168-4A5D817BFD75}.Release|Any CPU.Build.0 = Release|Any CPU
		{18CD72D5-13D9-41E9-AA9C-FD92B8E0501F}.Debug|Any CPU.ActiveCfg = Debug|Any CPU
		{18CD72D5-13D9-41E9-AA9C-FD92B8E0501F}.Debug|Any CPU.Build.0 = Debug|Any CPU
		{18CD72D5-13D9-41E9-AA9C-FD92B8E0501F}.Release|Any CPU.ActiveCfg = Release|Any CPU
		{18CD72D5-13D9-41E9-AA9C-FD92B8E0501F}.Release|Any CPU.Build.0 = Release|Any CPU
		{1653E821-6E1F-43C0-84CE-776162498A50}.Debug|Any CPU.ActiveCfg = Debug|Any CPU
		{1653E821-6E1F-43C0-84CE-776162498A50}.Debug|Any CPU.Build.0 = Debug|Any CPU
		{1653E821-6E1F-43C0-84CE-776162498A50}.Release|Any CPU.ActiveCfg = Release|Any CPU
		{1653E821-6E1F-43C0-84CE-776162498A50}.Release|Any CPU.Build.0 = Release|Any CPU
		{EFDC67DF-B274-41B6-B99E-4188AA12FB71}.Debug|Any CPU.ActiveCfg = Debug|Any CPU
		{EFDC67DF-B274-41B6-B99E-4188AA12FB71}.Debug|Any CPU.Build.0 = Debug|Any CPU
		{EFDC67DF-B274-41B6-B99E-4188AA12FB71}.Release|Any CPU.ActiveCfg = Release|Any CPU
		{EFDC67DF-B274-41B6-B99E-4188AA12FB71}.Release|Any CPU.Build.0 = Release|Any CPU
		{D5E754A4-323F-438B-B978-F7830C5FDBB6}.Debug|Any CPU.ActiveCfg = Debug|Any CPU
		{D5E754A4-323F-438B-B978-F7830C5FDBB6}.Debug|Any CPU.Build.0 = Debug|Any CPU
		{D5E754A4-323F-438B-B978-F7830C5FDBB6}.Release|Any CPU.ActiveCfg = Release|Any CPU
		{D5E754A4-323F-438B-B978-F7830C5FDBB6}.Release|Any CPU.Build.0 = Release|Any CPU
		{0462D316-3DBA-444C-BA05-6B8E2F582476}.Debug|Any CPU.ActiveCfg = Debug|Any CPU
		{0462D316-3DBA-444C-BA05-6B8E2F582476}.Debug|Any CPU.Build.0 = Debug|Any CPU
		{0462D316-3DBA-444C-BA05-6B8E2F582476}.Release|Any CPU.ActiveCfg = Release|Any CPU
		{0462D316-3DBA-444C-BA05-6B8E2F582476}.Release|Any CPU.Build.0 = Release|Any CPU
		{C08ABE1D-52D2-4A49-95C5-884C5B602542}.Debug|Any CPU.ActiveCfg = Debug|Any CPU
		{C08ABE1D-52D2-4A49-95C5-884C5B602542}.Debug|Any CPU.Build.0 = Debug|Any CPU
		{C08ABE1D-52D2-4A49-95C5-884C5B602542}.Release|Any CPU.ActiveCfg = Release|Any CPU
		{C08ABE1D-52D2-4A49-95C5-884C5B602542}.Release|Any CPU.Build.0 = Release|Any CPU
		{0CF8E0E5-FE8E-4689-B220-7E3CC93AC48E}.Debug|Any CPU.ActiveCfg = Debug|Any CPU
		{0CF8E0E5-FE8E-4689-B220-7E3CC93AC48E}.Debug|Any CPU.Build.0 = Debug|Any CPU
		{0CF8E0E5-FE8E-4689-B220-7E3CC93AC48E}.Release|Any CPU.ActiveCfg = Release|Any CPU
		{0CF8E0E5-FE8E-4689-B220-7E3CC93AC48E}.Release|Any CPU.Build.0 = Release|Any CPU
		{EFF7F96A-5E90-4A28-A7BD-D3AFFACC00E2}.Debug|Any CPU.ActiveCfg = Debug|Any CPU
		{EFF7F96A-5E90-4A28-A7BD-D3AFFACC00E2}.Debug|Any CPU.Build.0 = Debug|Any CPU
		{EFF7F96A-5E90-4A28-A7BD-D3AFFACC00E2}.Release|Any CPU.ActiveCfg = Release|Any CPU
		{EFF7F96A-5E90-4A28-A7BD-D3AFFACC00E2}.Release|Any CPU.Build.0 = Release|Any CPU
		{37B2CB73-8E90-496C-8C54-32B296E39407}.Debug|Any CPU.ActiveCfg = Debug|Any CPU
		{37B2CB73-8E90-496C-8C54-32B296E39407}.Debug|Any CPU.Build.0 = Debug|Any CPU
		{37B2CB73-8E90-496C-8C54-32B296E39407}.Release|Any CPU.ActiveCfg = Release|Any CPU
		{37B2CB73-8E90-496C-8C54-32B296E39407}.Release|Any CPU.Build.0 = Release|Any CPU
		{D9B8166B-28BD-4EE7-8F23-6758228A7D2B}.Debug|Any CPU.ActiveCfg = Debug|Any CPU
		{D9B8166B-28BD-4EE7-8F23-6758228A7D2B}.Debug|Any CPU.Build.0 = Debug|Any CPU
		{D9B8166B-28BD-4EE7-8F23-6758228A7D2B}.Release|Any CPU.ActiveCfg = Release|Any CPU
		{D9B8166B-28BD-4EE7-8F23-6758228A7D2B}.Release|Any CPU.Build.0 = Release|Any CPU
		{32FB5CE9-F091-4C59-BC78-487B5C03416B}.Debug|Any CPU.ActiveCfg = Debug|Any CPU
		{32FB5CE9-F091-4C59-BC78-487B5C03416B}.Debug|Any CPU.Build.0 = Debug|Any CPU
		{32FB5CE9-F091-4C59-BC78-487B5C03416B}.Release|Any CPU.ActiveCfg = Release|Any CPU
		{32FB5CE9-F091-4C59-BC78-487B5C03416B}.Release|Any CPU.Build.0 = Release|Any CPU
		{E7C7EAD1-8297-401A-93A3-CE3BC0E6CC2E}.Debug|Any CPU.ActiveCfg = Debug|Any CPU
		{E7C7EAD1-8297-401A-93A3-CE3BC0E6CC2E}.Debug|Any CPU.Build.0 = Debug|Any CPU
		{E7C7EAD1-8297-401A-93A3-CE3BC0E6CC2E}.Release|Any CPU.ActiveCfg = Release|Any CPU
		{E7C7EAD1-8297-401A-93A3-CE3BC0E6CC2E}.Release|Any CPU.Build.0 = Release|Any CPU
		{18938811-1952-4346-886F-44AAD8EBD6BA}.Debug|Any CPU.ActiveCfg = Debug|Any CPU
		{18938811-1952-4346-886F-44AAD8EBD6BA}.Debug|Any CPU.Build.0 = Debug|Any CPU
		{18938811-1952-4346-886F-44AAD8EBD6BA}.Release|Any CPU.ActiveCfg = Release|Any CPU
		{18938811-1952-4346-886F-44AAD8EBD6BA}.Release|Any CPU.Build.0 = Release|Any CPU
		{B641CEFE-1186-49E8-A1B5-D47979FF29F9}.Debug|Any CPU.ActiveCfg = Debug|Any CPU
		{B641CEFE-1186-49E8-A1B5-D47979FF29F9}.Debug|Any CPU.Build.0 = Debug|Any CPU
		{B641CEFE-1186-49E8-A1B5-D47979FF29F9}.Release|Any CPU.ActiveCfg = Release|Any CPU
		{B641CEFE-1186-49E8-A1B5-D47979FF29F9}.Release|Any CPU.Build.0 = Release|Any CPU
		{03456FEC-BC74-46F6-BB03-D7D318081B6E}.Debug|Any CPU.ActiveCfg = Debug|Any CPU
		{03456FEC-BC74-46F6-BB03-D7D318081B6E}.Debug|Any CPU.Build.0 = Debug|Any CPU
		{03456FEC-BC74-46F6-BB03-D7D318081B6E}.Release|Any CPU.ActiveCfg = Release|Any CPU
		{03456FEC-BC74-46F6-BB03-D7D318081B6E}.Release|Any CPU.Build.0 = Release|Any CPU
		{188C256F-E635-430C-8485-02123B5D1BE9}.Debug|Any CPU.ActiveCfg = Debug|Any CPU
		{188C256F-E635-430C-8485-02123B5D1BE9}.Debug|Any CPU.Build.0 = Debug|Any CPU
		{188C256F-E635-430C-8485-02123B5D1BE9}.Release|Any CPU.ActiveCfg = Release|Any CPU
		{188C256F-E635-430C-8485-02123B5D1BE9}.Release|Any CPU.Build.0 = Release|Any CPU
	EndGlobalSection
	GlobalSection(SolutionProperties) = preSolution
		HideSolutionNode = FALSE
	EndGlobalSection
	GlobalSection(NestedProjects) = preSolution
		{E37B387B-88B1-415E-8E9A-7D4212E43203} = {D04A04CD-B46C-476C-B27D-B346457BD903}
		{34078E58-EEF4-414B-B9F4-C345165342C0} = {D04A04CD-B46C-476C-B27D-B346457BD903}
		{FBA604CC-3F04-4E7B-9A93-19CBA59112CC} = {D04A04CD-B46C-476C-B27D-B346457BD903}
		{547C9887-F3EE-45C5-9CF9-30DB68A9FF58} = {D04A04CD-B46C-476C-B27D-B346457BD903}
		{FB28E9C6-78EA-4ED0-8603-B9BF2F101382} = {E37B387B-88B1-415E-8E9A-7D4212E43203}
		{FF5A033F-FD21-445A-B1B6-D52FDD85AD0F} = {E37B387B-88B1-415E-8E9A-7D4212E43203}
		{E8FCFFAF-8D59-49F7-8F7E-40C85311E68D} = {34078E58-EEF4-414B-B9F4-C345165342C0}
		{A69AEAB8-1CF6-4955-A9D2-D7D39172C6EF} = {34078E58-EEF4-414B-B9F4-C345165342C0}
		{03A203EE-C4F1-495D-9F70-31DD39F7F240} = {34078E58-EEF4-414B-B9F4-C345165342C0}
		{93E9D675-F09D-42F4-B1F5-22A8CA854E5C} = {34078E58-EEF4-414B-B9F4-C345165342C0}
		{6767D2A4-0447-4516-85D7-361CEE4A7E6C} = {34078E58-EEF4-414B-B9F4-C345165342C0}
		{226EF9EB-8818-4F14-9F04-16B972BB3AF0} = {34078E58-EEF4-414B-B9F4-C345165342C0}
		{7A238B83-A3C6-47BD-B5D7-2EEFCE94539A} = {FBA604CC-3F04-4E7B-9A93-19CBA59112CC}
		{BA01F6BD-B144-4296-8836-D5393153ED70} = {FBA604CC-3F04-4E7B-9A93-19CBA59112CC}
		{85FD52F7-963C-419D-8B19-92BF9ADD6F05} = {547C9887-F3EE-45C5-9CF9-30DB68A9FF58}
		{24CF5ED0-D7E6-40DC-9ED6-326445884F53} = {547C9887-F3EE-45C5-9CF9-30DB68A9FF58}
		{788AAB33-28D3-4647-BD5F-65FF01DD7826} = {D0335841-B523-4C2F-A123-DC4EE45DB668}
		{1C1E7E4B-C258-42B3-92CA-378CBFA822AE} = {788AAB33-28D3-4647-BD5F-65FF01DD7826}
		{5659AF44-D868-4BEC-ABAD-783531CB0BD5} = {79F8F733-58BC-4D77-BD2D-AC3368160523}
		{A2EA390E-A53C-40C2-8FDA-AD7F50A16192} = {5659AF44-D868-4BEC-ABAD-783531CB0BD5}
		{7FDEE0A5-2630-481D-BFF2-A95387613E3F} = {5659AF44-D868-4BEC-ABAD-783531CB0BD5}
		{27B7A373-5A44-4967-BBC9-BFEEB0870A69} = {7FDEE0A5-2630-481D-BFF2-A95387613E3F}
		{EC4E85C4-85BB-4B09-B5A5-2D0C3982EB2F} = {5659AF44-D868-4BEC-ABAD-783531CB0BD5}
		{A838249D-A183-4E9E-AF21-9EFF1E583D32} = {5659AF44-D868-4BEC-ABAD-783531CB0BD5}
		{1D61E2AC-24DA-407C-81D9-9ADDE1541040} = {5659AF44-D868-4BEC-ABAD-783531CB0BD5}
		{EB5757DC-99D8-40EE-86FB-64E5AB9BA7E6} = {A2EA390E-A53C-40C2-8FDA-AD7F50A16192}
		{74079AF7-95D0-4BE0-9BC0-0114FC361938} = {819EEFE9-99B4-412F-BD1B-D2595B6E6DFA}
		{D1BAAE00-B676-47CC-BFC4-03D147005D88} = {819EEFE9-99B4-412F-BD1B-D2595B6E6DFA}
		{182FE6C9-1926-413C-8CCE-32A7ACEF1DC8} = {819EEFE9-99B4-412F-BD1B-D2595B6E6DFA}
		{8031FE13-6332-4446-A621-438C9B71525B} = {819EEFE9-99B4-412F-BD1B-D2595B6E6DFA}
		{6C5CC9EA-28DD-478B-9232-269BF001F251} = {819EEFE9-99B4-412F-BD1B-D2595B6E6DFA}
		{42DAF197-DF1A-4417-A8BB-6FE1955C23B6} = {6C5CC9EA-28DD-478B-9232-269BF001F251}
		{6D2163EF-DA49-463F-B8CE-0BA3C087A9DD} = {6C5CC9EA-28DD-478B-9232-269BF001F251}
		{4E562E60-7712-4C00-888F-8B64BCF18F24} = {8031FE13-6332-4446-A621-438C9B71525B}
		{698DEB05-CACF-4338-9BB2-E097E2222C7C} = {8031FE13-6332-4446-A621-438C9B71525B}
		{89300198-F387-4F40-9AF6-A1BC69418ED2} = {74079AF7-95D0-4BE0-9BC0-0114FC361938}
		{ED1FD7A4-649E-4F26-88F5-56EEDE759E57} = {74079AF7-95D0-4BE0-9BC0-0114FC361938}
		{846FD307-D381-4D63-8168-4A5D817BFD75} = {D1BAAE00-B676-47CC-BFC4-03D147005D88}
		{18CD72D5-13D9-41E9-AA9C-FD92B8E0501F} = {D1BAAE00-B676-47CC-BFC4-03D147005D88}
		{1653E821-6E1F-43C0-84CE-776162498A50} = {182FE6C9-1926-413C-8CCE-32A7ACEF1DC8}
		{EFDC67DF-B274-41B6-B99E-4188AA12FB71} = {698DEB05-CACF-4338-9BB2-E097E2222C7C}
		{D5E754A4-323F-438B-B978-F7830C5FDBB6} = {4E562E60-7712-4C00-888F-8B64BCF18F24}
		{0462D316-3DBA-444C-BA05-6B8E2F582476} = {6D2163EF-DA49-463F-B8CE-0BA3C087A9DD}
		{C08ABE1D-52D2-4A49-95C5-884C5B602542} = {6D2163EF-DA49-463F-B8CE-0BA3C087A9DD}
		{0CF8E0E5-FE8E-4689-B220-7E3CC93AC48E} = {6D2163EF-DA49-463F-B8CE-0BA3C087A9DD}
		{57697CB9-6B17-41B6-BD51-EA2A782BA3FF} = {FFA73FED-9B28-4EB6-A180-1BB48CB359FD}
		{EFF7F96A-5E90-4A28-A7BD-D3AFFACC00E2} = {57697CB9-6B17-41B6-BD51-EA2A782BA3FF}
		{E3FD6186-3F2E-4D11-ABD8-281D3D1C91E5} = {0B88BD9E-58E1-4E2D-AD08-6D07C1138817}
		{8CC60435-CC4A-447D-80BC-422D160E6815} = {0B88BD9E-58E1-4E2D-AD08-6D07C1138817}
		{37B2CB73-8E90-496C-8C54-32B296E39407} = {E3FD6186-3F2E-4D11-ABD8-281D3D1C91E5}
		{D9B8166B-28BD-4EE7-8F23-6758228A7D2B} = {E3FD6186-3F2E-4D11-ABD8-281D3D1C91E5}
		{32FB5CE9-F091-4C59-BC78-487B5C03416B} = {8CC60435-CC4A-447D-80BC-422D160E6815}
		{E7C7EAD1-8297-401A-93A3-CE3BC0E6CC2E} = {8CC60435-CC4A-447D-80BC-422D160E6815}
		{18938811-1952-4346-886F-44AAD8EBD6BA} = {BC924AC4-4346-4475-BD59-58F06349D2A7}
		{66350EE8-082B-407A-9A44-1FC9F9EEE896} = {0B88BD9E-58E1-4E2D-AD08-6D07C1138817}
		{B641CEFE-1186-49E8-A1B5-D47979FF29F9} = {66350EE8-082B-407A-9A44-1FC9F9EEE896}
		{03456FEC-BC74-46F6-BB03-D7D318081B6E} = {66350EE8-082B-407A-9A44-1FC9F9EEE896}
		{188C256F-E635-430C-8485-02123B5D1BE9} = {66350EE8-082B-407A-9A44-1FC9F9EEE896}
	EndGlobalSection
	GlobalSection(ExtensibilityGlobals) = postSolution
		SolutionGuid = {74CB25AE-1A47-47C8-BE16-CABB6D564B95}
	EndGlobalSection
EndGlobal
