
Microsoft Visual Studio Solution File, Format Version 12.00
# Visual Studio Version 16
VisualStudioVersion = 16.0.30611.23
MinimumVisualStudioVersion = 10.0.40219.1
Project("{2150E333-8FDC-42A3-9474-1A3956D46DE8}") = "00-BUTTERFLY", "00-BUTTERFLY", "{47B7FC5A-3E63-435E-A86D-913C477BE2CE}"
EndProject
Project("{9A19103F-16F7-4668-BE54-9A1E7A4F7556}") = "BUTTERFLY", "00-BUTTERFLY\BUTTERFLY\BUTTERFLY.csproj", "{D2660A6F-134C-42DF-B24C-302A014BF82D}"
EndProject
Project("{2150E333-8FDC-42A3-9474-1A3956D46DE8}") = "01-ZOO", "01-ZOO", "{0B9B04A9-7BEB-42CF-B524-DCE878F462EB}"
EndProject
Project("{9A19103F-16F7-4668-BE54-9A1E7A4F7556}") = "ZOO", "01-ZOO\ZOO\ZOO.csproj", "{206EB979-8141-4B6B-B637-1965C07CB6C1}"
EndProject
Project("{2150E333-8FDC-42A3-9474-1A3956D46DE8}") = "02-FOREST", "02-FOREST", "{D21137E6-56C0-4651-8DDB-A34882090F3A}"
EndProject
Project("{9A19103F-16F7-4668-BE54-9A1E7A4F7556}") = "FOREST", "02-FOREST\FOREST\FOREST.csproj", "{62EE9AC1-E356-418C-99F9-89A919AAE1EA}"
EndProject
Project("{2150E333-8FDC-42A3-9474-1A3956D46DE8}") = "03-WEDDING", "03-WEDDING", "{91B4C830-5A33-4C5D-BE6D-A12B4B8D6FDD}"
EndProject
Project("{2150E333-8FDC-42A3-9474-1A3956D46DE8}") = "04-CALCULATOR", "04-CALCULATOR", "{A5128F13-0E1F-4135-B277-9BE8F64AE238}"
EndProject
Project("{FAE04EC0-301F-11D3-BF4B-00C04F79EFBC}") = "CALCULATOR", "04-CALCULATOR\CALCULATOR\CALCULATOR.csproj", "{7E913874-BAB0-4116-B79B-EABD2AB8F8D1}"
EndProject
Project("{2150E333-8FDC-42A3-9474-1A3956D46DE8}") = "VERSION-1", "VERSION-1", "{A2B396A4-3921-48C8-B6D1-E4F4DB0FE2A0}"
EndProject
Project("{2150E333-8FDC-42A3-9474-1A3956D46DE8}") = "VERSION-2", "VERSION-2", "{5FA10FE9-71EC-4072-B39A-DE130303378D}"
EndProject
Project("{9A19103F-16F7-4668-BE54-9A1E7A4F7556}") = "WEDDING-V1", "03-WEDDING\WEDDING-V1\WEDDING-V1.csproj", "{59CB1B23-431E-4032-B390-AD15E5CAFD2A}"
EndProject
Project("{9A19103F-16F7-4668-BE54-9A1E7A4F7556}") = "WEDDING-V2", "03-WEDDING\WEDDING-V2\WEDDING-V2.csproj", "{E59D9FE4-C898-434A-B9E0-0E9198144EC7}"
EndProject
Project("{2150E333-8FDC-42A3-9474-1A3956D46DE8}") = "06-REFERENCE-FUNCTION", "06-REFERENCE-FUNCTION", "{8D3BE640-6B35-498B-AD2A-4B6DEF274649}"
EndProject
Project("{9A19103F-16F7-4668-BE54-9A1E7A4F7556}") = "REFERENCE-FUNCTION", "06-REFERENCE-FUNCTION\REFERENCE-FUNCTION\REFERENCE-FUNCTION.csproj", "{4ECFD666-77EF-44D2-9C00-81927FA9E535}"
EndProject
Project("{2150E333-8FDC-42A3-9474-1A3956D46DE8}") = "07-CHECKBOX", "07-CHECKBOX", "{E62DD644-20DC-4754-BFFC-7FB3BEE77BDD}"
EndProject
Project("{FAE04EC0-301F-11D3-BF4B-00C04F79EFBC}") = "CHECKBOX", "07-CHECKBOX\CHECKBOX\CHECKBOX.csproj", "{4CF4B49C-1B77-4999-BE76-EB3C4B3CF4F8}"
EndProject
Project("{FAE04EC0-301F-11D3-BF4B-00C04F79EFBC}") = "UTILS", "07-CHECKBOX\UTILS\UTILS.csproj", "{17229223-7E3E-41FF-A85D-D3C6C1ED2875}"
EndProject
Project("{2150E333-8FDC-42A3-9474-1A3956D46DE8}") = "08-LISTBOX", "08-LISTBOX", "{303D7612-FC42-4975-9D2D-07444643AA24}"
EndProject
Project("{FAE04EC0-301F-11D3-BF4B-00C04F79EFBC}") = "LISTBOX", "08-LISTBOX\LISTBOX\LISTBOX.csproj", "{C101317C-2C3B-4C4D-BE78-8EBFB5F1BA08}"
EndProject
Project("{2150E333-8FDC-42A3-9474-1A3956D46DE8}") = "05-INPUT-VALIDATION", "05-INPUT-VALIDATION", "{26726C14-D411-4402-A179-37653C33D9B7}"
EndProject
Project("{FAE04EC0-301F-11D3-BF4B-00C04F79EFBC}") = "INPUT-VALIDATION-V1", "05-INPUT-VALIDATION\INPUT-VALIDATION-V1\INPUT-VALIDATION-V1.csproj", "{881442F0-5992-446A-A80C-42B3DB1A43BD}"
EndProject
Project("{FAE04EC0-301F-11D3-BF4B-00C04F79EFBC}") = "INPUT-VALIDATION-V2", "05-INPUT-VALIDATION\INPUT-VALIDATION-V2\INPUT-VALIDATION-V2.csproj", "{F9D79814-29D9-4750-AB09-68CCF6754AEC}"
EndProject
Project("{FAE04EC0-301F-11D3-BF4B-00C04F79EFBC}") = "BILL", "05-INPUT-VALIDATION\BILL\BILL.csproj", "{697C76BA-1495-452A-9B63-135932BA1BA1}"
EndProject
Project("{FAE04EC0-301F-11D3-BF4B-00C04F79EFBC}") = "TOOLS", "05-INPUT-VALIDATION\TOOLS\TOOLS.csproj", "{534EC4EB-7A01-49C9-8D71-C799E94E472A}"
EndProject
Project("{FAE04EC0-301F-11D3-BF4B-00C04F79EFBC}") = "BUSINESS-CLASS-LIBRARY", "08-LISTBOX\BUSINESS-CLASS-LIBRARY\BUSINESS-CLASS-LIBRARY.csproj", "{6CDB7E24-C945-4E20-BFBC-9C7A0397C06B}"
EndProject
Project("{FAE04EC0-301F-11D3-BF4B-00C04F79EFBC}") = "ERROR-MANAGEMENT", "05-INPUT-VALIDATION\ERROR-MANAGEMENT\ERROR-MANAGEMENT.csproj", "{92D8ECA9-31C1-400A-9775-48B0B0616778}"
EndProject
Project("{2150E333-8FDC-42A3-9474-1A3956D46DE8}") = "10-EXCEPTIONS", "10-EXCEPTIONS", "{2ACE5613-D139-453C-A69F-F9B76C3BCF87}"
EndProject
Project("{FAE04EC0-301F-11D3-BF4B-00C04F79EFBC}") = "ExceptionsApp", "10-EXCEPTIONS\ExceptionsApp\ExceptionsApp.csproj", "{2A20E11A-9BC6-4695-9DA8-EF5D5F7B2B33}"
EndProject
Project("{2150E333-8FDC-42A3-9474-1A3956D46DE8}") = "11-LISTS", "11-LISTS", "{CE2037FE-AE95-4280-8AA8-63F8F5FD6122}"
EndProject
Project("{2150E333-8FDC-42A3-9474-1A3956D46DE8}") = "09-SCROLLING", "09-SCROLLING", "{5F8B4C6B-D970-4F41-A0BA-F00CD8B30858}"
EndProject
Project("{FAE04EC0-301F-11D3-BF4B-00C04F79EFBC}") = "ScrollingApp", "09-SCROLLING\ScrollingApp\ScrollingApp.csproj", "{403A2FFF-964D-4ADC-8F90-11F950E4E7B8}"
EndProject
Project("{2150E333-8FDC-42A3-9474-1A3956D46DE8}") = "12-SYNTESIS", "12-SYNTESIS", "{70AB717F-DDF3-4E85-B190-30635CE51DE8}"
EndProject
Project("{FAE04EC0-301F-11D3-BF4B-00C04F79EFBC}") = "LoanApp", "12-SYNTHESIS\SynthesisApp\LoanApp.csproj", "{FC69B466-5079-42D1-8E4A-D470D32E36B3}"
EndProject
Project("{FAE04EC0-301F-11D3-BF4B-00C04F79EFBC}") = "ComboBoxApp", "11-LISTS\ComboBoxApp\ComboBoxApp.csproj", "{31CA1623-6EF4-4B49-A00F-52653A0FD895}"
EndProject
Project("{FAE04EC0-301F-11D3-BF4B-00C04F79EFBC}") = "PersonClassLibrary", "12-SYNTHESIS\PersonClassLibrary\PersonClassLibrary.csproj", "{FCBECAD4-69BC-4FA4-8C68-11B1359A561A}"
EndProject
Project("{FAE04EC0-301F-11D3-BF4B-00C04F79EFBC}") = "LoanClassLibrary", "12-SYNTHESIS\LoanClassLibrary\LoanClassLibrary.csproj", "{ABF826A8-69A2-43E2-8EC8-8577DEED36CA}"
EndProject
Project("{2150E333-8FDC-42A3-9474-1A3956D46DE8}") = "SERIALISATION", "SERIALISATION", "{D83352FA-40AA-428B-B31E-8A3890D03946}"
EndProject
Project("{FAE04EC0-301F-11D3-BF4B-00C04F79EFBC}") = "Serialisation", "Serialisation\Serialisation.csproj", "{53B191E8-3D90-4B73-8B8B-543C6D5622F4}"
EndProject
Project("{FAE04EC0-301F-11D3-BF4B-00C04F79EFBC}") = "ClientListClassLibrary", "12-SYNTHESIS\ClientListClassLibrary\ClientListClassLibrary.csproj", "{E637A047-7A53-4949-8472-725CB22A413A}"
EndProject
Project("{FAE04EC0-301F-11D3-BF4B-00C04F79EFBC}") = "LoanListClassLibrary", "12-SYNTHESIS\LoanListClassLibrary\LoanListClassLibrary.csproj", "{FCAF4CAA-DFA8-4BEA-AC22-CBB1E9D52DF3}"
EndProject
Global
	GlobalSection(SolutionConfigurationPlatforms) = preSolution
		Debug|Any CPU = Debug|Any CPU
		Release|Any CPU = Release|Any CPU
	EndGlobalSection
	GlobalSection(ProjectConfigurationPlatforms) = postSolution
		{D2660A6F-134C-42DF-B24C-302A014BF82D}.Debug|Any CPU.ActiveCfg = Debug|Any CPU
		{D2660A6F-134C-42DF-B24C-302A014BF82D}.Debug|Any CPU.Build.0 = Debug|Any CPU
		{D2660A6F-134C-42DF-B24C-302A014BF82D}.Release|Any CPU.ActiveCfg = Release|Any CPU
		{D2660A6F-134C-42DF-B24C-302A014BF82D}.Release|Any CPU.Build.0 = Release|Any CPU
		{206EB979-8141-4B6B-B637-1965C07CB6C1}.Debug|Any CPU.ActiveCfg = Debug|Any CPU
		{206EB979-8141-4B6B-B637-1965C07CB6C1}.Debug|Any CPU.Build.0 = Debug|Any CPU
		{206EB979-8141-4B6B-B637-1965C07CB6C1}.Release|Any CPU.ActiveCfg = Release|Any CPU
		{206EB979-8141-4B6B-B637-1965C07CB6C1}.Release|Any CPU.Build.0 = Release|Any CPU
		{62EE9AC1-E356-418C-99F9-89A919AAE1EA}.Debug|Any CPU.ActiveCfg = Debug|Any CPU
		{62EE9AC1-E356-418C-99F9-89A919AAE1EA}.Debug|Any CPU.Build.0 = Debug|Any CPU
		{62EE9AC1-E356-418C-99F9-89A919AAE1EA}.Release|Any CPU.ActiveCfg = Release|Any CPU
		{62EE9AC1-E356-418C-99F9-89A919AAE1EA}.Release|Any CPU.Build.0 = Release|Any CPU
		{7E913874-BAB0-4116-B79B-EABD2AB8F8D1}.Debug|Any CPU.ActiveCfg = Debug|Any CPU
		{7E913874-BAB0-4116-B79B-EABD2AB8F8D1}.Debug|Any CPU.Build.0 = Debug|Any CPU
		{7E913874-BAB0-4116-B79B-EABD2AB8F8D1}.Release|Any CPU.ActiveCfg = Release|Any CPU
		{7E913874-BAB0-4116-B79B-EABD2AB8F8D1}.Release|Any CPU.Build.0 = Release|Any CPU
		{59CB1B23-431E-4032-B390-AD15E5CAFD2A}.Debug|Any CPU.ActiveCfg = Debug|Any CPU
		{59CB1B23-431E-4032-B390-AD15E5CAFD2A}.Debug|Any CPU.Build.0 = Debug|Any CPU
		{59CB1B23-431E-4032-B390-AD15E5CAFD2A}.Release|Any CPU.ActiveCfg = Release|Any CPU
		{59CB1B23-431E-4032-B390-AD15E5CAFD2A}.Release|Any CPU.Build.0 = Release|Any CPU
		{E59D9FE4-C898-434A-B9E0-0E9198144EC7}.Debug|Any CPU.ActiveCfg = Debug|Any CPU
		{E59D9FE4-C898-434A-B9E0-0E9198144EC7}.Debug|Any CPU.Build.0 = Debug|Any CPU
		{E59D9FE4-C898-434A-B9E0-0E9198144EC7}.Release|Any CPU.ActiveCfg = Release|Any CPU
		{E59D9FE4-C898-434A-B9E0-0E9198144EC7}.Release|Any CPU.Build.0 = Release|Any CPU
		{4ECFD666-77EF-44D2-9C00-81927FA9E535}.Debug|Any CPU.ActiveCfg = Debug|Any CPU
		{4ECFD666-77EF-44D2-9C00-81927FA9E535}.Debug|Any CPU.Build.0 = Debug|Any CPU
		{4ECFD666-77EF-44D2-9C00-81927FA9E535}.Release|Any CPU.ActiveCfg = Release|Any CPU
		{4ECFD666-77EF-44D2-9C00-81927FA9E535}.Release|Any CPU.Build.0 = Release|Any CPU
		{4CF4B49C-1B77-4999-BE76-EB3C4B3CF4F8}.Debug|Any CPU.ActiveCfg = Debug|Any CPU
		{4CF4B49C-1B77-4999-BE76-EB3C4B3CF4F8}.Debug|Any CPU.Build.0 = Debug|Any CPU
		{4CF4B49C-1B77-4999-BE76-EB3C4B3CF4F8}.Release|Any CPU.ActiveCfg = Release|Any CPU
		{4CF4B49C-1B77-4999-BE76-EB3C4B3CF4F8}.Release|Any CPU.Build.0 = Release|Any CPU
		{17229223-7E3E-41FF-A85D-D3C6C1ED2875}.Debug|Any CPU.ActiveCfg = Debug|Any CPU
		{17229223-7E3E-41FF-A85D-D3C6C1ED2875}.Debug|Any CPU.Build.0 = Debug|Any CPU
		{17229223-7E3E-41FF-A85D-D3C6C1ED2875}.Release|Any CPU.ActiveCfg = Release|Any CPU
		{17229223-7E3E-41FF-A85D-D3C6C1ED2875}.Release|Any CPU.Build.0 = Release|Any CPU
		{C101317C-2C3B-4C4D-BE78-8EBFB5F1BA08}.Debug|Any CPU.ActiveCfg = Debug|Any CPU
		{C101317C-2C3B-4C4D-BE78-8EBFB5F1BA08}.Debug|Any CPU.Build.0 = Debug|Any CPU
		{C101317C-2C3B-4C4D-BE78-8EBFB5F1BA08}.Release|Any CPU.ActiveCfg = Release|Any CPU
		{C101317C-2C3B-4C4D-BE78-8EBFB5F1BA08}.Release|Any CPU.Build.0 = Release|Any CPU
		{881442F0-5992-446A-A80C-42B3DB1A43BD}.Debug|Any CPU.ActiveCfg = Debug|Any CPU
		{881442F0-5992-446A-A80C-42B3DB1A43BD}.Debug|Any CPU.Build.0 = Debug|Any CPU
		{881442F0-5992-446A-A80C-42B3DB1A43BD}.Release|Any CPU.ActiveCfg = Release|Any CPU
		{881442F0-5992-446A-A80C-42B3DB1A43BD}.Release|Any CPU.Build.0 = Release|Any CPU
		{F9D79814-29D9-4750-AB09-68CCF6754AEC}.Debug|Any CPU.ActiveCfg = Debug|Any CPU
		{F9D79814-29D9-4750-AB09-68CCF6754AEC}.Debug|Any CPU.Build.0 = Debug|Any CPU
		{F9D79814-29D9-4750-AB09-68CCF6754AEC}.Release|Any CPU.ActiveCfg = Release|Any CPU
		{F9D79814-29D9-4750-AB09-68CCF6754AEC}.Release|Any CPU.Build.0 = Release|Any CPU
		{697C76BA-1495-452A-9B63-135932BA1BA1}.Debug|Any CPU.ActiveCfg = Debug|Any CPU
		{697C76BA-1495-452A-9B63-135932BA1BA1}.Debug|Any CPU.Build.0 = Debug|Any CPU
		{697C76BA-1495-452A-9B63-135932BA1BA1}.Release|Any CPU.ActiveCfg = Release|Any CPU
		{697C76BA-1495-452A-9B63-135932BA1BA1}.Release|Any CPU.Build.0 = Release|Any CPU
		{534EC4EB-7A01-49C9-8D71-C799E94E472A}.Debug|Any CPU.ActiveCfg = Debug|Any CPU
		{534EC4EB-7A01-49C9-8D71-C799E94E472A}.Debug|Any CPU.Build.0 = Debug|Any CPU
		{534EC4EB-7A01-49C9-8D71-C799E94E472A}.Release|Any CPU.ActiveCfg = Release|Any CPU
		{534EC4EB-7A01-49C9-8D71-C799E94E472A}.Release|Any CPU.Build.0 = Release|Any CPU
		{6CDB7E24-C945-4E20-BFBC-9C7A0397C06B}.Debug|Any CPU.ActiveCfg = Debug|Any CPU
		{6CDB7E24-C945-4E20-BFBC-9C7A0397C06B}.Debug|Any CPU.Build.0 = Debug|Any CPU
		{6CDB7E24-C945-4E20-BFBC-9C7A0397C06B}.Release|Any CPU.ActiveCfg = Release|Any CPU
		{6CDB7E24-C945-4E20-BFBC-9C7A0397C06B}.Release|Any CPU.Build.0 = Release|Any CPU
		{92D8ECA9-31C1-400A-9775-48B0B0616778}.Debug|Any CPU.ActiveCfg = Debug|Any CPU
		{92D8ECA9-31C1-400A-9775-48B0B0616778}.Debug|Any CPU.Build.0 = Debug|Any CPU
		{92D8ECA9-31C1-400A-9775-48B0B0616778}.Release|Any CPU.ActiveCfg = Release|Any CPU
		{92D8ECA9-31C1-400A-9775-48B0B0616778}.Release|Any CPU.Build.0 = Release|Any CPU
		{2A20E11A-9BC6-4695-9DA8-EF5D5F7B2B33}.Debug|Any CPU.ActiveCfg = Debug|Any CPU
		{2A20E11A-9BC6-4695-9DA8-EF5D5F7B2B33}.Debug|Any CPU.Build.0 = Debug|Any CPU
		{2A20E11A-9BC6-4695-9DA8-EF5D5F7B2B33}.Release|Any CPU.ActiveCfg = Release|Any CPU
		{2A20E11A-9BC6-4695-9DA8-EF5D5F7B2B33}.Release|Any CPU.Build.0 = Release|Any CPU
		{403A2FFF-964D-4ADC-8F90-11F950E4E7B8}.Debug|Any CPU.ActiveCfg = Debug|Any CPU
		{403A2FFF-964D-4ADC-8F90-11F950E4E7B8}.Debug|Any CPU.Build.0 = Debug|Any CPU
		{403A2FFF-964D-4ADC-8F90-11F950E4E7B8}.Release|Any CPU.ActiveCfg = Release|Any CPU
		{403A2FFF-964D-4ADC-8F90-11F950E4E7B8}.Release|Any CPU.Build.0 = Release|Any CPU
		{FC69B466-5079-42D1-8E4A-D470D32E36B3}.Debug|Any CPU.ActiveCfg = Debug|Any CPU
		{FC69B466-5079-42D1-8E4A-D470D32E36B3}.Debug|Any CPU.Build.0 = Debug|Any CPU
		{FC69B466-5079-42D1-8E4A-D470D32E36B3}.Release|Any CPU.ActiveCfg = Release|Any CPU
		{FC69B466-5079-42D1-8E4A-D470D32E36B3}.Release|Any CPU.Build.0 = Release|Any CPU
		{31CA1623-6EF4-4B49-A00F-52653A0FD895}.Debug|Any CPU.ActiveCfg = Debug|Any CPU
		{31CA1623-6EF4-4B49-A00F-52653A0FD895}.Debug|Any CPU.Build.0 = Debug|Any CPU
		{31CA1623-6EF4-4B49-A00F-52653A0FD895}.Release|Any CPU.ActiveCfg = Release|Any CPU
		{31CA1623-6EF4-4B49-A00F-52653A0FD895}.Release|Any CPU.Build.0 = Release|Any CPU
		{FCBECAD4-69BC-4FA4-8C68-11B1359A561A}.Debug|Any CPU.ActiveCfg = Debug|Any CPU
		{FCBECAD4-69BC-4FA4-8C68-11B1359A561A}.Debug|Any CPU.Build.0 = Debug|Any CPU
		{FCBECAD4-69BC-4FA4-8C68-11B1359A561A}.Release|Any CPU.ActiveCfg = Release|Any CPU
		{FCBECAD4-69BC-4FA4-8C68-11B1359A561A}.Release|Any CPU.Build.0 = Release|Any CPU
		{ABF826A8-69A2-43E2-8EC8-8577DEED36CA}.Debug|Any CPU.ActiveCfg = Debug|Any CPU
		{ABF826A8-69A2-43E2-8EC8-8577DEED36CA}.Debug|Any CPU.Build.0 = Debug|Any CPU
		{ABF826A8-69A2-43E2-8EC8-8577DEED36CA}.Release|Any CPU.ActiveCfg = Release|Any CPU
		{ABF826A8-69A2-43E2-8EC8-8577DEED36CA}.Release|Any CPU.Build.0 = Release|Any CPU
		{53B191E8-3D90-4B73-8B8B-543C6D5622F4}.Debug|Any CPU.ActiveCfg = Debug|Any CPU
		{53B191E8-3D90-4B73-8B8B-543C6D5622F4}.Debug|Any CPU.Build.0 = Debug|Any CPU
		{53B191E8-3D90-4B73-8B8B-543C6D5622F4}.Release|Any CPU.ActiveCfg = Release|Any CPU
		{53B191E8-3D90-4B73-8B8B-543C6D5622F4}.Release|Any CPU.Build.0 = Release|Any CPU
		{E637A047-7A53-4949-8472-725CB22A413A}.Debug|Any CPU.ActiveCfg = Debug|Any CPU
		{E637A047-7A53-4949-8472-725CB22A413A}.Debug|Any CPU.Build.0 = Debug|Any CPU
		{E637A047-7A53-4949-8472-725CB22A413A}.Release|Any CPU.ActiveCfg = Release|Any CPU
		{E637A047-7A53-4949-8472-725CB22A413A}.Release|Any CPU.Build.0 = Release|Any CPU
		{FCAF4CAA-DFA8-4BEA-AC22-CBB1E9D52DF3}.Debug|Any CPU.ActiveCfg = Debug|Any CPU
		{FCAF4CAA-DFA8-4BEA-AC22-CBB1E9D52DF3}.Debug|Any CPU.Build.0 = Debug|Any CPU
		{FCAF4CAA-DFA8-4BEA-AC22-CBB1E9D52DF3}.Release|Any CPU.ActiveCfg = Release|Any CPU
		{FCAF4CAA-DFA8-4BEA-AC22-CBB1E9D52DF3}.Release|Any CPU.Build.0 = Release|Any CPU
	EndGlobalSection
	GlobalSection(SolutionProperties) = preSolution
		HideSolutionNode = FALSE
	EndGlobalSection
	GlobalSection(NestedProjects) = preSolution
		{D2660A6F-134C-42DF-B24C-302A014BF82D} = {47B7FC5A-3E63-435E-A86D-913C477BE2CE}
		{206EB979-8141-4B6B-B637-1965C07CB6C1} = {0B9B04A9-7BEB-42CF-B524-DCE878F462EB}
		{62EE9AC1-E356-418C-99F9-89A919AAE1EA} = {D21137E6-56C0-4651-8DDB-A34882090F3A}
		{7E913874-BAB0-4116-B79B-EABD2AB8F8D1} = {A5128F13-0E1F-4135-B277-9BE8F64AE238}
		{A2B396A4-3921-48C8-B6D1-E4F4DB0FE2A0} = {91B4C830-5A33-4C5D-BE6D-A12B4B8D6FDD}
		{5FA10FE9-71EC-4072-B39A-DE130303378D} = {91B4C830-5A33-4C5D-BE6D-A12B4B8D6FDD}
		{59CB1B23-431E-4032-B390-AD15E5CAFD2A} = {A2B396A4-3921-48C8-B6D1-E4F4DB0FE2A0}
		{E59D9FE4-C898-434A-B9E0-0E9198144EC7} = {5FA10FE9-71EC-4072-B39A-DE130303378D}
		{4ECFD666-77EF-44D2-9C00-81927FA9E535} = {8D3BE640-6B35-498B-AD2A-4B6DEF274649}
		{4CF4B49C-1B77-4999-BE76-EB3C4B3CF4F8} = {E62DD644-20DC-4754-BFFC-7FB3BEE77BDD}
		{17229223-7E3E-41FF-A85D-D3C6C1ED2875} = {E62DD644-20DC-4754-BFFC-7FB3BEE77BDD}
		{C101317C-2C3B-4C4D-BE78-8EBFB5F1BA08} = {303D7612-FC42-4975-9D2D-07444643AA24}
		{881442F0-5992-446A-A80C-42B3DB1A43BD} = {26726C14-D411-4402-A179-37653C33D9B7}
		{F9D79814-29D9-4750-AB09-68CCF6754AEC} = {26726C14-D411-4402-A179-37653C33D9B7}
		{697C76BA-1495-452A-9B63-135932BA1BA1} = {26726C14-D411-4402-A179-37653C33D9B7}
		{534EC4EB-7A01-49C9-8D71-C799E94E472A} = {26726C14-D411-4402-A179-37653C33D9B7}
		{6CDB7E24-C945-4E20-BFBC-9C7A0397C06B} = {303D7612-FC42-4975-9D2D-07444643AA24}
		{92D8ECA9-31C1-400A-9775-48B0B0616778} = {26726C14-D411-4402-A179-37653C33D9B7}
		{2A20E11A-9BC6-4695-9DA8-EF5D5F7B2B33} = {2ACE5613-D139-453C-A69F-F9B76C3BCF87}
		{403A2FFF-964D-4ADC-8F90-11F950E4E7B8} = {5F8B4C6B-D970-4F41-A0BA-F00CD8B30858}
		{FC69B466-5079-42D1-8E4A-D470D32E36B3} = {70AB717F-DDF3-4E85-B190-30635CE51DE8}
		{31CA1623-6EF4-4B49-A00F-52653A0FD895} = {CE2037FE-AE95-4280-8AA8-63F8F5FD6122}
		{FCBECAD4-69BC-4FA4-8C68-11B1359A561A} = {70AB717F-DDF3-4E85-B190-30635CE51DE8}
		{ABF826A8-69A2-43E2-8EC8-8577DEED36CA} = {70AB717F-DDF3-4E85-B190-30635CE51DE8}
		{53B191E8-3D90-4B73-8B8B-543C6D5622F4} = {D83352FA-40AA-428B-B31E-8A3890D03946}
		{E637A047-7A53-4949-8472-725CB22A413A} = {70AB717F-DDF3-4E85-B190-30635CE51DE8}
		{FCAF4CAA-DFA8-4BEA-AC22-CBB1E9D52DF3} = {70AB717F-DDF3-4E85-B190-30635CE51DE8}
	EndGlobalSection
	GlobalSection(ExtensibilityGlobals) = postSolution
		SolutionGuid = {3D3CB9DA-63EE-4159-BFD3-A5CDF0F4E6B1}
	EndGlobalSection
EndGlobal
