
Microsoft Visual Studio Solution File, Format Version 12.00
# Visual Studio Version 16
VisualStudioVersion = 16.0.30523.141
MinimumVisualStudioVersion = 10.0.40219.1
Project("{FAE04EC0-301F-11D3-BF4B-00C04F79EFBC}") = "CALCULATOR", "CALCULATOR\CALCULATOR.csproj", "{A265AB10-B92E-4289-83B6-3196152664AA}"
EndProject
Project("{FAE04EC0-301F-11D3-BF4B-00C04F79EFBC}") = "INPUT-VALIDATION", "INPUT-VALIDATION\INPUT-VALIDATION.csproj", "{EDD65D0E-988B-47CF-B9BA-DEEF98D6EAE8}"
EndProject
Project("{2150E333-8FDC-42A3-9474-1A3956D46DE8}") = "Solution Items", "Solution Items", "{00945C9A-12A7-48F8-B8A6-335CEEFB3860}"
	ProjectSection(SolutionItems) = preProject
		.editorconfig = .editorconfig
	EndProjectSection
EndProject
Project("{FAE04EC0-301F-11D3-BF4B-00C04F79EFBC}") = "BUTTERFLY", "BUTTERFLY\BUTTERFLY.csproj", "{DE87720F-2AE9-492A-9D71-4CD10709C03B}"
EndProject
Project("{FAE04EC0-301F-11D3-BF4B-00C04F79EFBC}") = "WEDDING-V1", "WEDDING-V1\WEDDING-V1.csproj", "{E2FF6755-C907-499E-ABCA-00A794790195}"
EndProject
Project("{FAE04EC0-301F-11D3-BF4B-00C04F79EFBC}") = "ZOO", "ZOO\ZOO.csproj", "{497E80D9-B980-4812-8235-F6E3B6384102}"
EndProject
Global
	GlobalSection(SolutionConfigurationPlatforms) = preSolution
		Debug|Any CPU = Debug|Any CPU
		Release|Any CPU = Release|Any CPU
	EndGlobalSection
	GlobalSection(ProjectConfigurationPlatforms) = postSolution
		{A265AB10-B92E-4289-83B6-3196152664AA}.Debug|Any CPU.ActiveCfg = Debug|Any CPU
		{A265AB10-B92E-4289-83B6-3196152664AA}.Debug|Any CPU.Build.0 = Debug|Any CPU
		{A265AB10-B92E-4289-83B6-3196152664AA}.Release|Any CPU.ActiveCfg = Release|Any CPU
		{A265AB10-B92E-4289-83B6-3196152664AA}.Release|Any CPU.Build.0 = Release|Any CPU
		{EDD65D0E-988B-47CF-B9BA-DEEF98D6EAE8}.Debug|Any CPU.ActiveCfg = Debug|Any CPU
		{EDD65D0E-988B-47CF-B9BA-DEEF98D6EAE8}.Debug|Any CPU.Build.0 = Debug|Any CPU
		{EDD65D0E-988B-47CF-B9BA-DEEF98D6EAE8}.Release|Any CPU.ActiveCfg = Release|Any CPU
		{EDD65D0E-988B-47CF-B9BA-DEEF98D6EAE8}.Release|Any CPU.Build.0 = Release|Any CPU
		{DE87720F-2AE9-492A-9D71-4CD10709C03B}.Debug|Any CPU.ActiveCfg = Debug|Any CPU
		{DE87720F-2AE9-492A-9D71-4CD10709C03B}.Debug|Any CPU.Build.0 = Debug|Any CPU
		{DE87720F-2AE9-492A-9D71-4CD10709C03B}.Release|Any CPU.ActiveCfg = Release|Any CPU
		{DE87720F-2AE9-492A-9D71-4CD10709C03B}.Release|Any CPU.Build.0 = Release|Any CPU
		{E2FF6755-C907-499E-ABCA-00A794790195}.Debug|Any CPU.ActiveCfg = Debug|Any CPU
		{E2FF6755-C907-499E-ABCA-00A794790195}.Debug|Any CPU.Build.0 = Debug|Any CPU
		{E2FF6755-C907-499E-ABCA-00A794790195}.Release|Any CPU.ActiveCfg = Release|Any CPU
		{E2FF6755-C907-499E-ABCA-00A794790195}.Release|Any CPU.Build.0 = Release|Any CPU
		{497E80D9-B980-4812-8235-F6E3B6384102}.Debug|Any CPU.ActiveCfg = Debug|Any CPU
		{497E80D9-B980-4812-8235-F6E3B6384102}.Debug|Any CPU.Build.0 = Debug|Any CPU
		{497E80D9-B980-4812-8235-F6E3B6384102}.Release|Any CPU.ActiveCfg = Release|Any CPU
		{497E80D9-B980-4812-8235-F6E3B6384102}.Release|Any CPU.Build.0 = Release|Any CPU
	EndGlobalSection
	GlobalSection(SolutionProperties) = preSolution
		HideSolutionNode = FALSE
	EndGlobalSection
	GlobalSection(ExtensibilityGlobals) = postSolution
		SolutionGuid = {A396EF28-42FE-41C0-AD81-71C3A2D08D87}
	EndGlobalSection
EndGlobal
