
Microsoft Visual Studio Solution File, Format Version 12.00
# Visual Studio Version 16
VisualStudioVersion = 16.0.30523.141
MinimumVisualStudioVersion = 10.0.40219.1
Project("{FAE04EC0-301F-11D3-BF4B-00C04F79EFBC}") = "CALCULATOR", "CALCULATOR\CALCULATOR.csproj", "{A265AB10-B92E-4289-83B6-3196152664AA}"
EndProject
Project("{FAE04EC0-301F-11D3-BF4B-00C04F79EFBC}") = "INPUT-VALIDATION", "INPUT-VALIDATION\INPUT-VALIDATION.csproj", "{EDD65D0E-988B-47CF-B9BA-DEEF98D6EAE8}"
EndProject
Project("{FAE04EC0-301F-11D3-BF4B-00C04F79EFBC}") = "PAPILLON", "PAPILLON\PAPILLON.csproj", "{DE87720F-2AE9-492A-9D71-4CD10709C03B}"
EndProject
Global
	GlobalSection(SolutionConfigurationPlatforms) = preSolution
		Debug|Any CPU = Debug|Any CPU
		Release|Any CPU = Release|Any CPU
	EndGlobalSection
	GlobalSection(ProjectConfigurationPlatforms) = postSolution
		{A265AB10-B92E-4289-83B6-3196152664AA}.Debug|Any CPU.ActiveCfg = Debug|Any CPU
		{A265AB10-B92E-4289-83B6-3196152664AA}.Debug|Any CPU.Build.0 = Debug|Any CPU
		{A265AB10-B92E-4289-83B6-3196152664AA}.Release|Any CPU.ActiveCfg = Release|Any CPU
		{A265AB10-B92E-4289-83B6-3196152664AA}.Release|Any CPU.Build.0 = Release|Any CPU
		{EDD65D0E-988B-47CF-B9BA-DEEF98D6EAE8}.Debug|Any CPU.ActiveCfg = Debug|Any CPU
		{EDD65D0E-988B-47CF-B9BA-DEEF98D6EAE8}.Debug|Any CPU.Build.0 = Debug|Any CPU
		{EDD65D0E-988B-47CF-B9BA-DEEF98D6EAE8}.Release|Any CPU.ActiveCfg = Release|Any CPU
		{EDD65D0E-988B-47CF-B9BA-DEEF98D6EAE8}.Release|Any CPU.Build.0 = Release|Any CPU
		{DE87720F-2AE9-492A-9D71-4CD10709C03B}.Debug|Any CPU.ActiveCfg = Debug|Any CPU
		{DE87720F-2AE9-492A-9D71-4CD10709C03B}.Debug|Any CPU.Build.0 = Debug|Any CPU
		{DE87720F-2AE9-492A-9D71-4CD10709C03B}.Release|Any CPU.ActiveCfg = Release|Any CPU
		{DE87720F-2AE9-492A-9D71-4CD10709C03B}.Release|Any CPU.Build.0 = Release|Any CPU
	EndGlobalSection
	GlobalSection(SolutionProperties) = preSolution
		HideSolutionNode = FALSE
	EndGlobalSection
	GlobalSection(ExtensibilityGlobals) = postSolution
		SolutionGuid = {A396EF28-42FE-41C0-AD81-71C3A2D08D87}
	EndGlobalSection
EndGlobal
