
Microsoft Visual Studio Solution File, Format Version 12.00
# Visual Studio Version 16
VisualStudioVersion = 16.0.30523.141
MinimumVisualStudioVersion = 10.0.40219.1
Project("{FAE04EC0-301F-11D3-BF4B-00C04F79EFBC}") = "BUTTERFLY", "BUTTERFLY.csproj", "{DE87720F-2AE9-492A-9D71-4CD10709C03B}"
EndProject
Global
	GlobalSection(SolutionConfigurationPlatforms) = preSolution
		Debug|Any CPU = Debug|Any CPU
		Release|Any CPU = Release|Any CPU
	EndGlobalSection
	GlobalSection(ProjectConfigurationPlatforms) = postSolution
		{DE87720F-2AE9-492A-9D71-4CD10709C03B}.Debug|Any CPU.ActiveCfg = Debug|Any CPU
		{DE87720F-2AE9-492A-9D71-4CD10709C03B}.Debug|Any CPU.Build.0 = Debug|Any CPU
		{DE87720F-2AE9-492A-9D71-4CD10709C03B}.Release|Any CPU.ActiveCfg = Release|Any CPU
		{DE87720F-2AE9-492A-9D71-4CD10709C03B}.Release|Any CPU.Build.0 = Release|Any CPU
	EndGlobalSection
	GlobalSection(SolutionProperties) = preSolution
		HideSolutionNode = FALSE
	EndGlobalSection
	GlobalSection(ExtensibilityGlobals) = postSolution
		SolutionGuid = {B0B3958C-CAB5-444D-B473-298308A4EF26}
	EndGlobalSection
EndGlobal
